
Microsoft Visual Studio Solution File, Format Version 12.00
# Visual Studio Version 16
VisualStudioVersion = 16.0.32407.337
MinimumVisualStudioVersion = 10.0.40219.1
Project("{FAE04EC0-301F-11D3-BF4B-00C04F79EFBC}") = "ProjectApplication", "ProjectApplication\ProjectApplication.csproj", "{8F4D74B0-442D-429D-A9DC-AB723053055A}"
EndProject
Global
	GlobalSection(SolutionConfigurationPlatforms) = preSolution
		Debug|Any CPU = Debug|Any CPU
		Release|Any CPU = Release|Any CPU
	EndGlobalSection
	GlobalSection(ProjectConfigurationPlatforms) = postSolution
		{8F4D74B0-442D-429D-A9DC-AB723053055A}.Debug|Any CPU.ActiveCfg = Debug|Any CPU
		{8F4D74B0-442D-429D-A9DC-AB723053055A}.Debug|Any CPU.Build.0 = Debug|Any CPU
		{8F4D74B0-442D-429D-A9DC-AB723053055A}.Release|Any CPU.ActiveCfg = Release|Any CPU
		{8F4D74B0-442D-429D-A9DC-AB723053055A}.Release|Any CPU.Build.0 = Release|Any CPU
	EndGlobalSection
	GlobalSection(SolutionProperties) = preSolution
		HideSolutionNode = FALSE
	EndGlobalSection
	GlobalSection(ExtensibilityGlobals) = postSolution
		SolutionGuid = {F17E21D4-05EA-4A35-AAA4-11AE9B123634}
	EndGlobalSection
EndGlobal
